// !$*UTF8*$!
{
	archiveVersion = 1;
	classes = {
	};
	objectVersion = 46;
	objects = {

/* Begin PBXBuildFile section */
		CF04E589181309AB00ECFAD9 /* main.cpp in Sources */ = {isa = PBXBuildFile; fileRef = CF04E588181309AB00ECFAD9 /* main.cpp */; };
		CF04E58B181309AB00ECFAD9 /* opencv.1 in CopyFiles */ = {isa = PBXBuildFile; fileRef = CF04E58A181309AB00ECFAD9 /* opencv.1 */; };
		CF7567BC185633F600261A41 /* project.cpp in Sources */ = {isa = PBXBuildFile; fileRef = CF7567BB185633F600261A41 /* project.cpp */; };
/* End PBXBuildFile section */

/* Begin PBXCopyFilesBuildPhase section */
		CF04E582181309AB00ECFAD9 /* CopyFiles */ = {
			isa = PBXCopyFilesBuildPhase;
			buildActionMask = 2147483647;
			dstPath = /usr/share/man/man1/;
			dstSubfolderSpec = 0;
			files = (
				CF04E58B181309AB00ECFAD9 /* opencv.1 in CopyFiles */,
			);
			runOnlyForDeploymentPostprocessing = 1;
		};
/* End PBXCopyFilesBuildPhase section */

/* Begin PBXFileReference section */
		CF04E584181309AB00ECFAD9 /* opencv */ = {isa = PBXFileReference; explicitFileType = "compiled.mach-o.executable"; includeInIndex = 0; path = opencv; sourceTree = BUILT_PRODUCTS_DIR; };
		CF04E588181309AB00ECFAD9 /* main.cpp */ = {isa = PBXFileReference; lastKnownFileType = sourcecode.cpp.cpp; path = main.cpp; sourceTree = "<group>"; };
		CF04E58A181309AB00ECFAD9 /* opencv.1 */ = {isa = PBXFileReference; lastKnownFileType = text.man; path = opencv.1; sourceTree = "<group>"; };
		CF7567BB185633F600261A41 /* project.cpp */ = {isa = PBXFileReference; fileEncoding = 4; lastKnownFileType = sourcecode.cpp.cpp; path = project.cpp; sourceTree = "<group>"; };
		CFDAB9FA182D570E0045E984 /* project.h */ = {isa = PBXFileReference; fileEncoding = 4; lastKnownFileType = sourcecode.c.h; name = project.h; path = ../project.h; sourceTree = "<group>"; };
/* End PBXFileReference section */

/* Begin PBXFrameworksBuildPhase section */
		CF04E581181309AB00ECFAD9 /* Frameworks */ = {
			isa = PBXFrameworksBuildPhase;
			buildActionMask = 2147483647;
			files = (
			);
			runOnlyForDeploymentPostprocessing = 0;
		};
/* End PBXFrameworksBuildPhase section */

/* Begin PBXGroup section */
		CF04E579181309AB00ECFAD9 = {
			isa = PBXGroup;
			children = (
				CF04E587181309AB00ECFAD9 /* opencv */,
				CF04E585181309AB00ECFAD9 /* Products */,
			);
			sourceTree = "<group>";
		};
		CF04E585181309AB00ECFAD9 /* Products */ = {
			isa = PBXGroup;
			children = (
				CF04E584181309AB00ECFAD9 /* opencv */,
			);
			name = Products;
			sourceTree = "<group>";
		};
		CF04E587181309AB00ECFAD9 /* opencv */ = {
			isa = PBXGroup;
			children = (
				CF04E588181309AB00ECFAD9 /* main.cpp */,
				CF7567BB185633F600261A41 /* project.cpp */,
				CFDAB9FA182D570E0045E984 /* project.h */,
				CF04E58A181309AB00ECFAD9 /* opencv.1 */,
			);
			path = opencv;
			sourceTree = "<group>";
		};
/* End PBXGroup section */

/* Begin PBXNativeTarget section */
		CF04E583181309AB00ECFAD9 /* opencv */ = {
			isa = PBXNativeTarget;
			buildConfigurationList = CF04E58E181309AB00ECFAD9 /* Build configuration list for PBXNativeTarget "opencv" */;
			buildPhases = (
				CF04E580181309AB00ECFAD9 /* Sources */,
				CF04E581181309AB00ECFAD9 /* Frameworks */,
				CF04E582181309AB00ECFAD9 /* CopyFiles */,
			);
			buildRules = (
			);
			dependencies = (
			);
			name = opencv;
			productName = opencv;
			productReference = CF04E584181309AB00ECFAD9 /* opencv */;
			productType = "com.apple.product-type.tool";
		};
/* End PBXNativeTarget section */

/* Begin PBXProject section */
		CF04E57B181309AB00ECFAD9 /* Project object */ = {
			isa = PBXProject;
			attributes = {
				LastUpgradeCheck = 0420;
			};
			buildConfigurationList = CF04E57E181309AB00ECFAD9 /* Build configuration list for PBXProject "opencv" */;
			compatibilityVersion = "Xcode 3.2";
			developmentRegion = English;
			hasScannedForEncodings = 0;
			knownRegions = (
				en,
			);
			mainGroup = CF04E579181309AB00ECFAD9;
			productRefGroup = CF04E585181309AB00ECFAD9 /* Products */;
			projectDirPath = "";
			projectRoot = "";
			targets = (
				CF04E583181309AB00ECFAD9 /* opencv */,
			);
		};
/* End PBXProject section */

/* Begin PBXSourcesBuildPhase section */
		CF04E580181309AB00ECFAD9 /* Sources */ = {
			isa = PBXSourcesBuildPhase;
			buildActionMask = 2147483647;
			files = (
				CF04E589181309AB00ECFAD9 /* main.cpp in Sources */,
				CF7567BC185633F600261A41 /* project.cpp in Sources */,
			);
			runOnlyForDeploymentPostprocessing = 0;
		};
/* End PBXSourcesBuildPhase section */

/* Begin XCBuildConfiguration section */
		CF04E58C181309AB00ECFAD9 /* Debug */ = {
			isa = XCBuildConfiguration;
			buildSettings = {
				ALWAYS_SEARCH_USER_PATHS = NO;
				ARCHS = "$(ARCHS_STANDARD_64_BIT)";
				CLANG_ENABLE_OBJC_ARC = YES;
				COPY_PHASE_STRIP = NO;
				GCC_C_LANGUAGE_STANDARD = gnu99;
				GCC_DYNAMIC_NO_PIC = NO;
				GCC_ENABLE_OBJC_EXCEPTIONS = YES;
				GCC_OPTIMIZATION_LEVEL = 0;
				GCC_PREPROCESSOR_DEFINITIONS = (
					"DEBUG=1",
					"$(inherited)",
				);
				GCC_SYMBOLS_PRIVATE_EXTERN = NO;
				GCC_VERSION = com.apple.compilers.llvm.clang.1_0;
				GCC_WARN_64_TO_32_BIT_CONVERSION = YES;
				GCC_WARN_ABOUT_MISSING_PROTOTYPES = YES;
				GCC_WARN_ABOUT_RETURN_TYPE = YES;
				GCC_WARN_UNUSED_VARIABLE = YES;
				MACOSX_DEPLOYMENT_TARGET = 10.7;
				ONLY_ACTIVE_ARCH = YES;
				SDKROOT = macosx;
			};
			name = Debug;
		};
		CF04E58D181309AB00ECFAD9 /* Release */ = {
			isa = XCBuildConfiguration;
			buildSettings = {
				ALWAYS_SEARCH_USER_PATHS = NO;
				ARCHS = "$(ARCHS_STANDARD_64_BIT)";
				CLANG_ENABLE_OBJC_ARC = YES;
				COPY_PHASE_STRIP = YES;
				DEBUG_INFORMATION_FORMAT = "dwarf-with-dsym";
				GCC_C_LANGUAGE_STANDARD = gnu99;
				GCC_ENABLE_OBJC_EXCEPTIONS = YES;
				GCC_VERSION = com.apple.compilers.llvm.clang.1_0;
				GCC_WARN_64_TO_32_BIT_CONVERSION = YES;
				GCC_WARN_ABOUT_MISSING_PROTOTYPES = YES;
				GCC_WARN_ABOUT_RETURN_TYPE = YES;
				GCC_WARN_UNUSED_VARIABLE = YES;
				MACOSX_DEPLOYMENT_TARGET = 10.7;
				SDKROOT = macosx;
			};
			name = Release;
		};
		CF04E58F181309AB00ECFAD9 /* Debug */ = {
			isa = XCBuildConfiguration;
			buildSettings = {
				"HEADER_SEARCH_PATHS[arch=*]" = /usr/local/include;
				"LIBRARY_SEARCH_PATHS[arch=*]" = /usr/local/lib;
				"OTHER_LDFLAGS[arch=*]" = (
					"-lopencv_core",
					"-lopencv_highgui",
					"-lopencv_imgproc",
				);
				PRODUCT_NAME = "$(TARGET_NAME)";
			};
			name = Debug;
		};
		CF04E590181309AB00ECFAD9 /* Release */ = {
			isa = XCBuildConfiguration;
			buildSettings = {
				"HEADER_SEARCH_PATHS[arch=*]" = /usr/local/include;
				"LIBRARY_SEARCH_PATHS[arch=*]" = /usr/local/lib;
				"OTHER_LDFLAGS[arch=*]" = (
					"-lopencv_core",
					"-lopencv_highgui",
					"-lopencv_imgproc",
				);
				PRODUCT_NAME = "$(TARGET_NAME)";
			};
			name = Release;
		};
/* End XCBuildConfiguration section */

/* Begin XCConfigurationList section */
		CF04E57E181309AB00ECFAD9 /* Build configuration list for PBXProject "opencv" */ = {
			isa = XCConfigurationList;
			buildConfigurations = (
				CF04E58C181309AB00ECFAD9 /* Debug */,
				CF04E58D181309AB00ECFAD9 /* Release */,
			);
			defaultConfigurationIsVisible = 0;
			defaultConfigurationName = Release;
		};
		CF04E58E181309AB00ECFAD9 /* Build configuration list for PBXNativeTarget "opencv" */ = {
			isa = XCConfigurationList;
			buildConfigurations = (
				CF04E58F181309AB00ECFAD9 /* Debug */,
				CF04E590181309AB00ECFAD9 /* Release */,
			);
			defaultConfigurationIsVisible = 0;
			defaultConfigurationName = Release;
		};
/* End XCConfigurationList section */
	};
	rootObject = CF04E57B181309AB00ECFAD9 /* Project object */;
}
